
Microsoft Visual Studio Solution File, Format Version 12.00
# Visual Studio 15
VisualStudioVersion = 15.0.28307.902
MinimumVisualStudioVersion = 10.0.40219.1
Project("{FAE04EC0-301F-11D3-BF4B-00C04F79EFBC}") = "TravellingSalesmanAlgorithms", "WpfApp3\TravellingSalesmanAlgorithms.csproj", "{58241832-4BCF-4F0F-8479-FEFE9A461EDF}"
EndProject
Global
	GlobalSection(SolutionConfigurationPlatforms) = preSolution
		Debug|Any CPU = Debug|Any CPU
		Release|Any CPU = Release|Any CPU
	EndGlobalSection
	GlobalSection(ProjectConfigurationPlatforms) = postSolution
		{58241832-4BCF-4F0F-8479-FEFE9A461EDF}.Debug|Any CPU.ActiveCfg = Debug|Any CPU
		{58241832-4BCF-4F0F-8479-FEFE9A461EDF}.Debug|Any CPU.Build.0 = Debug|Any CPU
		{58241832-4BCF-4F0F-8479-FEFE9A461EDF}.Release|Any CPU.ActiveCfg = Release|Any CPU
		{58241832-4BCF-4F0F-8479-FEFE9A461EDF}.Release|Any CPU.Build.0 = Release|Any CPU
	EndGlobalSection
	GlobalSection(SolutionProperties) = preSolution
		HideSolutionNode = FALSE
	EndGlobalSection
	GlobalSection(ExtensibilityGlobals) = postSolution
		SolutionGuid = {1A457A48-DC96-48CE-B257-52509423BC02}
	EndGlobalSection
EndGlobal
